{
  "name": "git-pit",
  "version": "0.1.0",
  "lockfileVersion": 3,
  "requires": true,
  "packages": {
    "": {
      "name": "git-pit",
      "version": "0.1.0",
      "license": "MIT",
      "dependencies": {
        "@xmldom/xmldom": "^0.9.11",
        "adm-zip": "^0.5.16"
      },
      "bin": {
        "git-pit": "bin/git-pit.js",
        "pit": "bin/git-pit.js"
      },
      "engines": {
        "node": ">=18"
      }
    },
    "node_modules/@xmldom/xmldom": {
      "version": "0.9.11",
      "resolved": "https://registry.npmjs.org/@xmldom/xmldom/-/xmldom-0.9.11.tgz",
      "integrity": "sha512-tW8bcK3hsG0/uqSnNz6TK4BkcuZSezoU7DlnYssILmZDktPnSHHuDJJFM0AJv+13gz2r0iGdrj6qqKeUnxXEDg==",
      "license": "MIT",
      "engines": {
        "node": ">=14.6"
      }
    },
    "node_modules/adm-zip": {
      "version": "0.5.18",
      "resolved": "https://registry.npmjs.org/adm-zip/-/adm-zip-0.5.18.tgz",
      "integrity": "sha512-ufJnssQGbxzLNS1Ho9bCtX4rQKCCvoVuDLHoJyc3F9dOGDB4BkWs2Ci0kv53lqocAEQ/Cbi+I2XCsNYGqVYqng==",
      "license": "MIT",
      "engines": {
        "node": ">=12.0"
      }
    }
  }
}
